
Microsoft Visual Studio Solution File, Format Version 12.00
# Visual Studio 15
VisualStudioVersion = 15.0.27428.2043
MinimumVisualStudioVersion = 10.0.40219.1
Project("{FAE04EC0-301F-11D3-BF4B-00C04F79EFBC}") = "XamarinFaceBot.Android", "XamarinFaceBot\XamarinFaceBot.Android\XamarinFaceBot.Android.csproj", "{1329E6C7-EF8E-46C7-BEE1-FBEEECF52977}"
EndProject
Project("{FAE04EC0-301F-11D3-BF4B-00C04F79EFBC}") = "XamarinFaceBot.iOS", "XamarinFaceBot\XamarinFaceBot.iOS\XamarinFaceBot.iOS.csproj", "{1F406169-7FA1-4DE3-B382-6E6D2782FCAB}"
EndProject
Project("{FAE04EC0-301F-11D3-BF4B-00C04F79EFBC}") = "XamarinFaceBot.UWP", "XamarinFaceBot\XamarinFaceBot.UWP\XamarinFaceBot.UWP.csproj", "{AD6D5766-03F3-4F8A-87D2-ADB3367852FA}"
EndProject
Project("{FAE04EC0-301F-11D3-BF4B-00C04F79EFBC}") = "XamarinFaceBot", "XamarinFaceBot\XamarinFaceBot\XamarinFaceBot.csproj", "{70AEE323-D44C-49A5-A510-BECFDED7B45F}"
EndProject
Global
	GlobalSection(SolutionConfigurationPlatforms) = preSolution
		Ad-Hoc|Any CPU = Ad-Hoc|Any CPU
		Ad-Hoc|ARM = Ad-Hoc|ARM
		Ad-Hoc|iPhone = Ad-Hoc|iPhone
		Ad-Hoc|iPhoneSimulator = Ad-Hoc|iPhoneSimulator
		Ad-Hoc|x64 = Ad-Hoc|x64
		Ad-Hoc|x86 = Ad-Hoc|x86
		AppStore|Any CPU = AppStore|Any CPU
		AppStore|ARM = AppStore|ARM
		AppStore|iPhone = AppStore|iPhone
		AppStore|iPhoneSimulator = AppStore|iPhoneSimulator
		AppStore|x64 = AppStore|x64
		AppStore|x86 = AppStore|x86
		Debug|Any CPU = Debug|Any CPU
		Debug|ARM = Debug|ARM
		Debug|iPhone = Debug|iPhone
		Debug|iPhoneSimulator = Debug|iPhoneSimulator
		Debug|x64 = Debug|x64
		Debug|x86 = Debug|x86
		Release|Any CPU = Release|Any CPU
		Release|ARM = Release|ARM
		Release|iPhone = Release|iPhone
		Release|iPhoneSimulator = Release|iPhoneSimulator
		Release|x64 = Release|x64
		Release|x86 = Release|x86
	EndGlobalSection
	GlobalSection(ProjectConfigurationPlatforms) = postSolution
		{1329E6C7-EF8E-46C7-BEE1-FBEEECF52977}.Ad-Hoc|Any CPU.ActiveCfg = Release|Any CPU
		{1329E6C7-EF8E-46C7-BEE1-FBEEECF52977}.Ad-Hoc|Any CPU.Build.0 = Release|Any CPU
		{1329E6C7-EF8E-46C7-BEE1-FBEEECF52977}.Ad-Hoc|Any CPU.Deploy.0 = Release|Any CPU
		{1329E6C7-EF8E-46C7-BEE1-FBEEECF52977}.Ad-Hoc|ARM.ActiveCfg = Release|Any CPU
		{1329E6C7-EF8E-46C7-BEE1-FBEEECF52977}.Ad-Hoc|ARM.Build.0 = Release|Any CPU
		{1329E6C7-EF8E-46C7-BEE1-FBEEECF52977}.Ad-Hoc|ARM.Deploy.0 = Release|Any CPU
		{1329E6C7-EF8E-46C7-BEE1-FBEEECF52977}.Ad-Hoc|iPhone.ActiveCfg = Release|Any CPU
		{1329E6C7-EF8E-46C7-BEE1-FBEEECF52977}.Ad-Hoc|iPhone.Build.0 = Release|Any CPU
		{1329E6C7-EF8E-46C7-BEE1-FBEEECF52977}.Ad-Hoc|iPhone.Deploy.0 = Release|Any CPU
		{1329E6C7-EF8E-46C7-BEE1-FBEEECF52977}.Ad-Hoc|iPhoneSimulator.ActiveCfg = Release|Any CPU
		{1329E6C7-EF8E-46C7-BEE1-FBEEECF52977}.Ad-Hoc|iPhoneSimulator.Build.0 = Release|Any CPU
		{1329E6C7-EF8E-46C7-BEE1-FBEEECF52977}.Ad-Hoc|iPhoneSimulator.Deploy.0 = Release|Any CPU
		{1329E6C7-EF8E-46C7-BEE1-FBEEECF52977}.Ad-Hoc|x64.ActiveCfg = Release|Any CPU
		{1329E6C7-EF8E-46C7-BEE1-FBEEECF52977}.Ad-Hoc|x64.Build.0 = Release|Any CPU
		{1329E6C7-EF8E-46C7-BEE1-FBEEECF52977}.Ad-Hoc|x64.Deploy.0 = Release|Any CPU
		{1329E6C7-EF8E-46C7-BEE1-FBEEECF52977}.Ad-Hoc|x86.ActiveCfg = Release|Any CPU
		{1329E6C7-EF8E-46C7-BEE1-FBEEECF52977}.Ad-Hoc|x86.Build.0 = Release|Any CPU
		{1329E6C7-EF8E-46C7-BEE1-FBEEECF52977}.Ad-Hoc|x86.Deploy.0 = Release|Any CPU
		{1329E6C7-EF8E-46C7-BEE1-FBEEECF52977}.AppStore|Any CPU.ActiveCfg = Release|Any CPU
		{1329E6C7-EF8E-46C7-BEE1-FBEEECF52977}.AppStore|Any CPU.Build.0 = Release|Any CPU
		{1329E6C7-EF8E-46C7-BEE1-FBEEECF52977}.AppStore|Any CPU.Deploy.0 = Release|Any CPU
		{1329E6C7-EF8E-46C7-BEE1-FBEEECF52977}.AppStore|ARM.ActiveCfg = Release|Any CPU
		{1329E6C7-EF8E-46C7-BEE1-FBEEECF52977}.AppStore|ARM.Build.0 = Release|Any CPU
		{1329E6C7-EF8E-46C7-BEE1-FBEEECF52977}.AppStore|ARM.Deploy.0 = Release|Any CPU
		{1329E6C7-EF8E-46C7-BEE1-FBEEECF52977}.AppStore|iPhone.ActiveCfg = Release|Any CPU
		{1329E6C7-EF8E-46C7-BEE1-FBEEECF52977}.AppStore|iPhone.Build.0 = Release|Any CPU
		{1329E6C7-EF8E-46C7-BEE1-FBEEECF52977}.AppStore|iPhone.Deploy.0 = Release|Any CPU
		{1329E6C7-EF8E-46C7-BEE1-FBEEECF52977}.AppStore|iPhoneSimulator.ActiveCfg = Release|Any CPU
		{1329E6C7-EF8E-46C7-BEE1-FBEEECF52977}.AppStore|iPhoneSimulator.Build.0 = Release|Any CPU
		{1329E6C7-EF8E-46C7-BEE1-FBEEECF52977}.AppStore|iPhoneSimulator.Deploy.0 = Release|Any CPU
		{1329E6C7-EF8E-46C7-BEE1-FBEEECF52977}.AppStore|x64.ActiveCfg = Release|Any CPU
		{1329E6C7-EF8E-46C7-BEE1-FBEEECF52977}.AppStore|x64.Build.0 = Release|Any CPU
		{1329E6C7-EF8E-46C7-BEE1-FBEEECF52977}.AppStore|x64.Deploy.0 = Release|Any CPU
		{1329E6C7-EF8E-46C7-BEE1-FBEEECF52977}.AppStore|x86.ActiveCfg = Release|Any CPU
		{1329E6C7-EF8E-46C7-BEE1-FBEEECF52977}.AppStore|x86.Build.0 = Release|Any CPU
		{1329E6C7-EF8E-46C7-BEE1-FBEEECF52977}.AppStore|x86.Deploy.0 = Release|Any CPU
		{1329E6C7-EF8E-46C7-BEE1-FBEEECF52977}.Debug|Any CPU.ActiveCfg = Debug|Any CPU
		{1329E6C7-EF8E-46C7-BEE1-FBEEECF52977}.Debug|Any CPU.Build.0 = Debug|Any CPU
		{1329E6C7-EF8E-46C7-BEE1-FBEEECF52977}.Debug|Any CPU.Deploy.0 = Debug|Any CPU
		{1329E6C7-EF8E-46C7-BEE1-FBEEECF52977}.Debug|ARM.ActiveCfg = Debug|Any CPU
		{1329E6C7-EF8E-46C7-BEE1-FBEEECF52977}.Debug|ARM.Build.0 = Debug|Any CPU
		{1329E6C7-EF8E-46C7-BEE1-FBEEECF52977}.Debug|ARM.Deploy.0 = Debug|Any CPU
		{1329E6C7-EF8E-46C7-BEE1-FBEEECF52977}.Debug|iPhone.ActiveCfg = Debug|Any CPU
		{1329E6C7-EF8E-46C7-BEE1-FBEEECF52977}.Debug|iPhone.Build.0 = Debug|Any CPU
		{1329E6C7-EF8E-46C7-BEE1-FBEEECF52977}.Debug|iPhone.Deploy.0 = Debug|Any CPU
		{1329E6C7-EF8E-46C7-BEE1-FBEEECF52977}.Debug|iPhoneSimulator.ActiveCfg = Debug|Any CPU
		{1329E6C7-EF8E-46C7-BEE1-FBEEECF52977}.Debug|iPhoneSimulator.Build.0 = Debug|Any CPU
		{1329E6C7-EF8E-46C7-BEE1-FBEEECF52977}.Debug|iPhoneSimulator.Deploy.0 = Debug|Any CPU
		{1329E6C7-EF8E-46C7-BEE1-FBEEECF52977}.Debug|x64.ActiveCfg = Debug|Any CPU
		{1329E6C7-EF8E-46C7-BEE1-FBEEECF52977}.Debug|x64.Build.0 = Debug|Any CPU
		{1329E6C7-EF8E-46C7-BEE1-FBEEECF52977}.Debug|x64.Deploy.0 = Debug|Any CPU
		{1329E6C7-EF8E-46C7-BEE1-FBEEECF52977}.Debug|x86.ActiveCfg = Debug|Any CPU
		{1329E6C7-EF8E-46C7-BEE1-FBEEECF52977}.Debug|x86.Build.0 = Debug|Any CPU
		{1329E6C7-EF8E-46C7-BEE1-FBEEECF52977}.Debug|x86.Deploy.0 = Debug|Any CPU
		{1329E6C7-EF8E-46C7-BEE1-FBEEECF52977}.Release|Any CPU.ActiveCfg = Release|Any CPU
		{1329E6C7-EF8E-46C7-BEE1-FBEEECF52977}.Release|Any CPU.Build.0 = Release|Any CPU
		{1329E6C7-EF8E-46C7-BEE1-FBEEECF52977}.Release|Any CPU.Deploy.0 = Release|Any CPU
		{1329E6C7-EF8E-46C7-BEE1-FBEEECF52977}.Release|ARM.ActiveCfg = Release|Any CPU
		{1329E6C7-EF8E-46C7-BEE1-FBEEECF52977}.Release|ARM.Build.0 = Release|Any CPU
		{1329E6C7-EF8E-46C7-BEE1-FBEEECF52977}.Release|ARM.Deploy.0 = Release|Any CPU
		{1329E6C7-EF8E-46C7-BEE1-FBEEECF52977}.Release|iPhone.ActiveCfg = Release|Any CPU
		{1329E6C7-EF8E-46C7-BEE1-FBEEECF52977}.Release|iPhone.Build.0 = Release|Any CPU
		{1329E6C7-EF8E-46C7-BEE1-FBEEECF52977}.Release|iPhone.Deploy.0 = Release|Any CPU
		{1329E6C7-EF8E-46C7-BEE1-FBEEECF52977}.Release|iPhoneSimulator.ActiveCfg = Release|Any CPU
		{1329E6C7-EF8E-46C7-BEE1-FBEEECF52977}.Release|iPhoneSimulator.Build.0 = Release|Any CPU
		{1329E6C7-EF8E-46C7-BEE1-FBEEECF52977}.Release|iPhoneSimulator.Deploy.0 = Release|Any CPU
		{1329E6C7-EF8E-46C7-BEE1-FBEEECF52977}.Release|x64.ActiveCfg = Release|Any CPU
		{1329E6C7-EF8E-46C7-BEE1-FBEEECF52977}.Release|x64.Build.0 = Release|Any CPU
		{1329E6C7-EF8E-46C7-BEE1-FBEEECF52977}.Release|x64.Deploy.0 = Release|Any CPU
		{1329E6C7-EF8E-46C7-BEE1-FBEEECF52977}.Release|x86.ActiveCfg = Release|Any CPU
		{1329E6C7-EF8E-46C7-BEE1-FBEEECF52977}.Release|x86.Build.0 = Release|Any CPU
		{1329E6C7-EF8E-46C7-BEE1-FBEEECF52977}.Release|x86.Deploy.0 = Release|Any CPU
		{1F406169-7FA1-4DE3-B382-6E6D2782FCAB}.Ad-Hoc|Any CPU.ActiveCfg = Ad-Hoc|iPhone
		{1F406169-7FA1-4DE3-B382-6E6D2782FCAB}.Ad-Hoc|ARM.ActiveCfg = Ad-Hoc|iPhone
		{1F406169-7FA1-4DE3-B382-6E6D2782FCAB}.Ad-Hoc|iPhone.ActiveCfg = Ad-Hoc|iPhone
		{1F406169-7FA1-4DE3-B382-6E6D2782FCAB}.Ad-Hoc|iPhone.Build.0 = Ad-Hoc|iPhone
		{1F406169-7FA1-4DE3-B382-6E6D2782FCAB}.Ad-Hoc|iPhoneSimulator.ActiveCfg = Ad-Hoc|iPhoneSimulator
		{1F406169-7FA1-4DE3-B382-6E6D2782FCAB}.Ad-Hoc|iPhoneSimulator.Build.0 = Ad-Hoc|iPhoneSimulator
		{1F406169-7FA1-4DE3-B382-6E6D2782FCAB}.Ad-Hoc|x64.ActiveCfg = Ad-Hoc|iPhone
		{1F406169-7FA1-4DE3-B382-6E6D2782FCAB}.Ad-Hoc|x86.ActiveCfg = Ad-Hoc|iPhone
		{1F406169-7FA1-4DE3-B382-6E6D2782FCAB}.AppStore|Any CPU.ActiveCfg = AppStore|iPhone
		{1F406169-7FA1-4DE3-B382-6E6D2782FCAB}.AppStore|ARM.ActiveCfg = AppStore|iPhone
		{1F406169-7FA1-4DE3-B382-6E6D2782FCAB}.AppStore|iPhone.ActiveCfg = AppStore|iPhone
		{1F406169-7FA1-4DE3-B382-6E6D2782FCAB}.AppStore|iPhone.Build.0 = AppStore|iPhone
		{1F406169-7FA1-4DE3-B382-6E6D2782FCAB}.AppStore|iPhoneSimulator.ActiveCfg = AppStore|iPhoneSimulator
		{1F406169-7FA1-4DE3-B382-6E6D2782FCAB}.AppStore|iPhoneSimulator.Build.0 = AppStore|iPhoneSimulator
		{1F406169-7FA1-4DE3-B382-6E6D2782FCAB}.AppStore|x64.ActiveCfg = AppStore|iPhone
		{1F406169-7FA1-4DE3-B382-6E6D2782FCAB}.AppStore|x86.ActiveCfg = AppStore|iPhone
		{1F406169-7FA1-4DE3-B382-6E6D2782FCAB}.Debug|Any CPU.ActiveCfg = Debug|iPhone
		{1F406169-7FA1-4DE3-B382-6E6D2782FCAB}.Debug|ARM.ActiveCfg = Debug|iPhone
		{1F406169-7FA1-4DE3-B382-6E6D2782FCAB}.Debug|iPhone.ActiveCfg = Debug|iPhone
		{1F406169-7FA1-4DE3-B382-6E6D2782FCAB}.Debug|iPhone.Build.0 = Debug|iPhone
		{1F406169-7FA1-4DE3-B382-6E6D2782FCAB}.Debug|iPhoneSimulator.ActiveCfg = Debug|iPhoneSimulator
		{1F406169-7FA1-4DE3-B382-6E6D2782FCAB}.Debug|iPhoneSimulator.Build.0 = Debug|iPhoneSimulator
		{1F406169-7FA1-4DE3-B382-6E6D2782FCAB}.Debug|x64.ActiveCfg = Debug|iPhone
		{1F406169-7FA1-4DE3-B382-6E6D2782FCAB}.Debug|x86.ActiveCfg = Debug|iPhone
		{1F406169-7FA1-4DE3-B382-6E6D2782FCAB}.Release|Any CPU.ActiveCfg = Release|iPhone
		{1F406169-7FA1-4DE3-B382-6E6D2782FCAB}.Release|ARM.ActiveCfg = Release|iPhone
		{1F406169-7FA1-4DE3-B382-6E6D2782FCAB}.Release|iPhone.ActiveCfg = Release|iPhone
		{1F406169-7FA1-4DE3-B382-6E6D2782FCAB}.Release|iPhone.Build.0 = Release|iPhone
		{1F406169-7FA1-4DE3-B382-6E6D2782FCAB}.Release|iPhoneSimulator.ActiveCfg = Release|iPhoneSimulator
		{1F406169-7FA1-4DE3-B382-6E6D2782FCAB}.Release|iPhoneSimulator.Build.0 = Release|iPhoneSimulator
		{1F406169-7FA1-4DE3-B382-6E6D2782FCAB}.Release|x64.ActiveCfg = Release|iPhone
		{1F406169-7FA1-4DE3-B382-6E6D2782FCAB}.Release|x86.ActiveCfg = Release|iPhone
		{AD6D5766-03F3-4F8A-87D2-ADB3367852FA}.Ad-Hoc|Any CPU.ActiveCfg = Release|x86
		{AD6D5766-03F3-4F8A-87D2-ADB3367852FA}.Ad-Hoc|Any CPU.Build.0 = Release|x86
		{AD6D5766-03F3-4F8A-87D2-ADB3367852FA}.Ad-Hoc|Any CPU.Deploy.0 = Release|x86
		{AD6D5766-03F3-4F8A-87D2-ADB3367852FA}.Ad-Hoc|ARM.ActiveCfg = Release|ARM
		{AD6D5766-03F3-4F8A-87D2-ADB3367852FA}.Ad-Hoc|ARM.Build.0 = Release|ARM
		{AD6D5766-03F3-4F8A-87D2-ADB3367852FA}.Ad-Hoc|ARM.Deploy.0 = Release|ARM
		{AD6D5766-03F3-4F8A-87D2-ADB3367852FA}.Ad-Hoc|iPhone.ActiveCfg = Release|x86
		{AD6D5766-03F3-4F8A-87D2-ADB3367852FA}.Ad-Hoc|iPhone.Build.0 = Release|x86
		{AD6D5766-03F3-4F8A-87D2-ADB3367852FA}.Ad-Hoc|iPhone.Deploy.0 = Release|x86
		{AD6D5766-03F3-4F8A-87D2-ADB3367852FA}.Ad-Hoc|iPhoneSimulator.ActiveCfg = Release|x86
		{AD6D5766-03F3-4F8A-87D2-ADB3367852FA}.Ad-Hoc|iPhoneSimulator.Build.0 = Release|x86
		{AD6D5766-03F3-4F8A-87D2-ADB3367852FA}.Ad-Hoc|iPhoneSimulator.Deploy.0 = Release|x86
		{AD6D5766-03F3-4F8A-87D2-ADB3367852FA}.Ad-Hoc|x64.ActiveCfg = Release|x64
		{AD6D5766-03F3-4F8A-87D2-ADB3367852FA}.Ad-Hoc|x64.Build.0 = Release|x64
		{AD6D5766-03F3-4F8A-87D2-ADB3367852FA}.Ad-Hoc|x64.Deploy.0 = Release|x64
		{AD6D5766-03F3-4F8A-87D2-ADB3367852FA}.Ad-Hoc|x86.ActiveCfg = Release|x86
		{AD6D5766-03F3-4F8A-87D2-ADB3367852FA}.Ad-Hoc|x86.Build.0 = Release|x86
		{AD6D5766-03F3-4F8A-87D2-ADB3367852FA}.Ad-Hoc|x86.Deploy.0 = Release|x86
		{AD6D5766-03F3-4F8A-87D2-ADB3367852FA}.AppStore|Any CPU.ActiveCfg = Release|x86
		{AD6D5766-03F3-4F8A-87D2-ADB3367852FA}.AppStore|Any CPU.Build.0 = Release|x86
		{AD6D5766-03F3-4F8A-87D2-ADB3367852FA}.AppStore|Any CPU.Deploy.0 = Release|x86
		{AD6D5766-03F3-4F8A-87D2-ADB3367852FA}.AppStore|ARM.ActiveCfg = Release|ARM
		{AD6D5766-03F3-4F8A-87D2-ADB3367852FA}.AppStore|ARM.Build.0 = Release|ARM
		{AD6D5766-03F3-4F8A-87D2-ADB3367852FA}.AppStore|ARM.Deploy.0 = Release|ARM
		{AD6D5766-03F3-4F8A-87D2-ADB3367852FA}.AppStore|iPhone.ActiveCfg = Release|x86
		{AD6D5766-03F3-4F8A-87D2-ADB3367852FA}.AppStore|iPhone.Build.0 = Release|x86
		{AD6D5766-03F3-4F8A-87D2-ADB3367852FA}.AppStore|iPhone.Deploy.0 = Release|x86
		{AD6D5766-03F3-4F8A-87D2-ADB3367852FA}.AppStore|iPhoneSimulator.ActiveCfg = Release|x86
		{AD6D5766-03F3-4F8A-87D2-ADB3367852FA}.AppStore|iPhoneSimulator.Build.0 = Release|x86
		{AD6D5766-03F3-4F8A-87D2-ADB3367852FA}.AppStore|iPhoneSimulator.Deploy.0 = Release|x86
		{AD6D5766-03F3-4F8A-87D2-ADB3367852FA}.AppStore|x64.ActiveCfg = Release|x64
		{AD6D5766-03F3-4F8A-87D2-ADB3367852FA}.AppStore|x64.Build.0 = Release|x64
		{AD6D5766-03F3-4F8A-87D2-ADB3367852FA}.AppStore|x64.Deploy.0 = Release|x64
		{AD6D5766-03F3-4F8A-87D2-ADB3367852FA}.AppStore|x86.ActiveCfg = Release|x86
		{AD6D5766-03F3-4F8A-87D2-ADB3367852FA}.AppStore|x86.Build.0 = Release|x86
		{AD6D5766-03F3-4F8A-87D2-ADB3367852FA}.AppStore|x86.Deploy.0 = Release|x86
		{AD6D5766-03F3-4F8A-87D2-ADB3367852FA}.Debug|Any CPU.ActiveCfg = Debug|x86
		{AD6D5766-03F3-4F8A-87D2-ADB3367852FA}.Debug|ARM.ActiveCfg = Debug|ARM
		{AD6D5766-03F3-4F8A-87D2-ADB3367852FA}.Debug|ARM.Build.0 = Debug|ARM
		{AD6D5766-03F3-4F8A-87D2-ADB3367852FA}.Debug|ARM.Deploy.0 = Debug|ARM
		{AD6D5766-03F3-4F8A-87D2-ADB3367852FA}.Debug|iPhone.ActiveCfg = Debug|x86
		{AD6D5766-03F3-4F8A-87D2-ADB3367852FA}.Debug|iPhoneSimulator.ActiveCfg = Debug|x86
		{AD6D5766-03F3-4F8A-87D2-ADB3367852FA}.Debug|x64.ActiveCfg = Debug|x64
		{AD6D5766-03F3-4F8A-87D2-ADB3367852FA}.Debug|x64.Build.0 = Debug|x64
		{AD6D5766-03F3-4F8A-87D2-ADB3367852FA}.Debug|x64.Deploy.0 = Debug|x64
		{AD6D5766-03F3-4F8A-87D2-ADB3367852FA}.Debug|x86.ActiveCfg = Debug|x86
		{AD6D5766-03F3-4F8A-87D2-ADB3367852FA}.Debug|x86.Build.0 = Debug|x86
		{AD6D5766-03F3-4F8A-87D2-ADB3367852FA}.Debug|x86.Deploy.0 = Debug|x86
		{AD6D5766-03F3-4F8A-87D2-ADB3367852FA}.Release|Any CPU.ActiveCfg = Release|x86
		{AD6D5766-03F3-4F8A-87D2-ADB3367852FA}.Release|ARM.ActiveCfg = Release|ARM
		{AD6D5766-03F3-4F8A-87D2-ADB3367852FA}.Release|ARM.Build.0 = Release|ARM
		{AD6D5766-03F3-4F8A-87D2-ADB3367852FA}.Release|ARM.Deploy.0 = Release|ARM
		{AD6D5766-03F3-4F8A-87D2-ADB3367852FA}.Release|iPhone.ActiveCfg = Release|x86
		{AD6D5766-03F3-4F8A-87D2-ADB3367852FA}.Release|iPhoneSimulator.ActiveCfg = Release|x86
		{AD6D5766-03F3-4F8A-87D2-ADB3367852FA}.Release|x64.ActiveCfg = Release|x64
		{AD6D5766-03F3-4F8A-87D2-ADB3367852FA}.Release|x64.Build.0 = Release|x64
		{AD6D5766-03F3-4F8A-87D2-ADB3367852FA}.Release|x64.Deploy.0 = Release|x64
		{AD6D5766-03F3-4F8A-87D2-ADB3367852FA}.Release|x86.ActiveCfg = Release|x86
		{AD6D5766-03F3-4F8A-87D2-ADB3367852FA}.Release|x86.Build.0 = Release|x86
		{AD6D5766-03F3-4F8A-87D2-ADB3367852FA}.Release|x86.Deploy.0 = Release|x86
		{70AEE323-D44C-49A5-A510-BECFDED7B45F}.Ad-Hoc|Any CPU.ActiveCfg = Debug|Any CPU
		{70AEE323-D44C-49A5-A510-BECFDED7B45F}.Ad-Hoc|Any CPU.Build.0 = Debug|Any CPU
		{70AEE323-D44C-49A5-A510-BECFDED7B45F}.Ad-Hoc|ARM.ActiveCfg = Debug|Any CPU
		{70AEE323-D44C-49A5-A510-BECFDED7B45F}.Ad-Hoc|ARM.Build.0 = Debug|Any CPU
		{70AEE323-D44C-49A5-A510-BECFDED7B45F}.Ad-Hoc|iPhone.ActiveCfg = Debug|Any CPU
		{70AEE323-D44C-49A5-A510-BECFDED7B45F}.Ad-Hoc|iPhone.Build.0 = Debug|Any CPU
		{70AEE323-D44C-49A5-A510-BECFDED7B45F}.Ad-Hoc|iPhoneSimulator.ActiveCfg = Debug|Any CPU
		{70AEE323-D44C-49A5-A510-BECFDED7B45F}.Ad-Hoc|iPhoneSimulator.Build.0 = Debug|Any CPU
		{70AEE323-D44C-49A5-A510-BECFDED7B45F}.Ad-Hoc|x64.ActiveCfg = Debug|Any CPU
		{70AEE323-D44C-49A5-A510-BECFDED7B45F}.Ad-Hoc|x64.Build.0 = Debug|Any CPU
		{70AEE323-D44C-49A5-A510-BECFDED7B45F}.Ad-Hoc|x86.ActiveCfg = Debug|Any CPU
		{70AEE323-D44C-49A5-A510-BECFDED7B45F}.Ad-Hoc|x86.Build.0 = Debug|Any CPU
		{70AEE323-D44C-49A5-A510-BECFDED7B45F}.AppStore|Any CPU.ActiveCfg = Debug|Any CPU
		{70AEE323-D44C-49A5-A510-BECFDED7B45F}.AppStore|Any CPU.Build.0 = Debug|Any CPU
		{70AEE323-D44C-49A5-A510-BECFDED7B45F}.AppStore|ARM.ActiveCfg = Debug|Any CPU
		{70AEE323-D44C-49A5-A510-BECFDED7B45F}.AppStore|ARM.Build.0 = Debug|Any CPU
		{70AEE323-D44C-49A5-A510-BECFDED7B45F}.AppStore|iPhone.ActiveCfg = Debug|Any CPU
		{70AEE323-D44C-49A5-A510-BECFDED7B45F}.AppStore|iPhone.Build.0 = Debug|Any CPU
		{70AEE323-D44C-49A5-A510-BECFDED7B45F}.AppStore|iPhoneSimulator.ActiveCfg = Debug|Any CPU
		{70AEE323-D44C-49A5-A510-BECFDED7B45F}.AppStore|iPhoneSimulator.Build.0 = Debug|Any CPU
		{70AEE323-D44C-49A5-A510-BECFDED7B45F}.AppStore|x64.ActiveCfg = Debug|Any CPU
		{70AEE323-D44C-49A5-A510-BECFDED7B45F}.AppStore|x64.Build.0 = Debug|Any CPU
		{70AEE323-D44C-49A5-A510-BECFDED7B45F}.AppStore|x86.ActiveCfg = Debug|Any CPU
		{70AEE323-D44C-49A5-A510-BECFDED7B45F}.AppStore|x86.Build.0 = Debug|Any CPU
		{70AEE323-D44C-49A5-A510-BECFDED7B45F}.Debug|Any CPU.ActiveCfg = Debug|Any CPU
		{70AEE323-D44C-49A5-A510-BECFDED7B45F}.Debug|Any CPU.Build.0 = Debug|Any CPU
		{70AEE323-D44C-49A5-A510-BECFDED7B45F}.Debug|ARM.ActiveCfg = Debug|Any CPU
		{70AEE323-D44C-49A5-A510-BECFDED7B45F}.Debug|ARM.Build.0 = Debug|Any CPU
		{70AEE323-D44C-49A5-A510-BECFDED7B45F}.Debug|iPhone.ActiveCfg = Debug|Any CPU
		{70AEE323-D44C-49A5-A510-BECFDED7B45F}.Debug|iPhone.Build.0 = Debug|Any CPU
		{70AEE323-D44C-49A5-A510-BECFDED7B45F}.Debug|iPhoneSimulator.ActiveCfg = Debug|Any CPU
		{70AEE323-D44C-49A5-A510-BECFDED7B45F}.Debug|iPhoneSimulator.Build.0 = Debug|Any CPU
		{70AEE323-D44C-49A5-A510-BECFDED7B45F}.Debug|x64.ActiveCfg = Debug|Any CPU
		{70AEE323-D44C-49A5-A510-BECFDED7B45F}.Debug|x64.Build.0 = Debug|Any CPU
		{70AEE323-D44C-49A5-A510-BECFDED7B45F}.Debug|x86.ActiveCfg = Debug|Any CPU
		{70AEE323-D44C-49A5-A510-BECFDED7B45F}.Debug|x86.Build.0 = Debug|Any CPU
		{70AEE323-D44C-49A5-A510-BECFDED7B45F}.Release|Any CPU.ActiveCfg = Release|Any CPU
		{70AEE323-D44C-49A5-A510-BECFDED7B45F}.Release|Any CPU.Build.0 = Release|Any CPU
		{70AEE323-D44C-49A5-A510-BECFDED7B45F}.Release|ARM.ActiveCfg = Release|Any CPU
		{70AEE323-D44C-49A5-A510-BECFDED7B45F}.Release|ARM.Build.0 = Release|Any CPU
		{70AEE323-D44C-49A5-A510-BECFDED7B45F}.Release|iPhone.ActiveCfg = Release|Any CPU
		{70AEE323-D44C-49A5-A510-BECFDED7B45F}.Release|iPhone.Build.0 = Release|Any CPU
		{70AEE323-D44C-49A5-A510-BECFDED7B45F}.Release|iPhoneSimulator.ActiveCfg = Release|Any CPU
		{70AEE323-D44C-49A5-A510-BECFDED7B45F}.Release|iPhoneSimulator.Build.0 = Release|Any CPU
		{70AEE323-D44C-49A5-A510-BECFDED7B45F}.Release|x64.ActiveCfg = Release|Any CPU
		{70AEE323-D44C-49A5-A510-BECFDED7B45F}.Release|x64.Build.0 = Release|Any CPU
		{70AEE323-D44C-49A5-A510-BECFDED7B45F}.Release|x86.ActiveCfg = Release|Any CPU
		{70AEE323-D44C-49A5-A510-BECFDED7B45F}.Release|x86.Build.0 = Release|Any CPU
	EndGlobalSection
	GlobalSection(SolutionProperties) = preSolution
		HideSolutionNode = FALSE
	EndGlobalSection
	GlobalSection(ExtensibilityGlobals) = postSolution
		SolutionGuid = {4E765950-CEDC-4819-BFF9-A5511D099430}
	EndGlobalSection
EndGlobal
